
Microsoft Visual Studio Solution File, Format Version 12.00
# Visual Studio Version 17
VisualStudioVersion = 17.0.31903.59
MinimumVisualStudioVersion = 10.0.40219.1
Project("{2150E333-8FDC-42A3-9474-1A3956D46DE8}") = ".global", ".global", "{8EC462FD-D22E-90A8-E5CE-7E832BA40C5D}"
	ProjectSection(SolutionItems) = preProject
		AppForeach.TokenHandler.slnLaunch = AppForeach.TokenHandler.slnLaunch
		docker-compose.yml = docker-compose.yml
		README.md = README.md
		Roadmap.md = Roadmap.md
	EndProjectSection
EndProject
Project("{2150E333-8FDC-42A3-9474-1A3956D46DE8}") = "src", "src", "{02EA681E-C7D8-13C7-8484-4AC65E1B71E8}"
EndProject
Project("{2150E333-8FDC-42A3-9474-1A3956D46DE8}") = "tests", "tests", "{6A5A6288-BF68-4F8B-A9AB-5781D358D2F3}"
EndProject
Project("{2150E333-8FDC-42A3-9474-1A3956D46DE8}") = "samples", "samples", "{18EAE7C8-2D17-47F8-84F8-A4DCD4635292}"
EndProject
Project("{FAE04EC0-301F-11D3-BF4B-00C04F79EFBC}") = "Poc.Yarp", "samples\Poc.Yarp\Poc.Yarp.csproj", "{C405340E-D243-488E-2468-5DAD5415539D}"
EndProject
Project("{FAE04EC0-301F-11D3-BF4B-00C04F79EFBC}") = "Poc.Api", "samples\Poc.Api\Poc.Api.csproj", "{EDDA50FE-18EE-B32B-63F0-6DCFD6F0ED5D}"
EndProject
Project("{FAE04EC0-301F-11D3-BF4B-00C04F79EFBC}") = "AppForeach.TokenHandler", "src\AppForeach.TokenHandler\AppForeach.TokenHandler.csproj", "{FF98C36D-7EF6-4B83-9DA5-62136EB090A7}"
EndProject
Project("{2150E333-8FDC-42A3-9474-1A3956D46DE8}") = ".keycloak", ".keycloak", "{04279663-B7B0-4DDA-890E-00941C396195}"
EndProject
Project("{2150E333-8FDC-42A3-9474-1A3956D46DE8}") = "realms", "realms", "{1B8C585A-FD09-47B5-B2E4-948FD5C12D02}"
	ProjectSection(SolutionItems) = preProject
		.keycloak\realms\poc-realm.json = .keycloak\realms\poc-realm.json
	EndProjectSection
EndProject
Global
	GlobalSection(SolutionConfigurationPlatforms) = preSolution
		Debug|Any CPU = Debug|Any CPU
		Release|Any CPU = Release|Any CPU
	EndGlobalSection
	GlobalSection(ProjectConfigurationPlatforms) = postSolution
		{C405340E-D243-488E-2468-5DAD5415539D}.Debug|Any CPU.ActiveCfg = Debug|Any CPU
		{C405340E-D243-488E-2468-5DAD5415539D}.Debug|Any CPU.Build.0 = Debug|Any CPU
		{C405340E-D243-488E-2468-5DAD5415539D}.Release|Any CPU.ActiveCfg = Release|Any CPU
		{C405340E-D243-488E-2468-5DAD5415539D}.Release|Any CPU.Build.0 = Release|Any CPU
		{EDDA50FE-18EE-B32B-63F0-6DCFD6F0ED5D}.Debug|Any CPU.ActiveCfg = Debug|Any CPU
		{EDDA50FE-18EE-B32B-63F0-6DCFD6F0ED5D}.Debug|Any CPU.Build.0 = Debug|Any CPU
		{EDDA50FE-18EE-B32B-63F0-6DCFD6F0ED5D}.Release|Any CPU.ActiveCfg = Release|Any CPU
		{EDDA50FE-18EE-B32B-63F0-6DCFD6F0ED5D}.Release|Any CPU.Build.0 = Release|Any CPU
		{FF98C36D-7EF6-4B83-9DA5-62136EB090A7}.Debug|Any CPU.ActiveCfg = Debug|Any CPU
		{FF98C36D-7EF6-4B83-9DA5-62136EB090A7}.Debug|Any CPU.Build.0 = Debug|Any CPU
		{FF98C36D-7EF6-4B83-9DA5-62136EB090A7}.Release|Any CPU.ActiveCfg = Release|Any CPU
		{FF98C36D-7EF6-4B83-9DA5-62136EB090A7}.Release|Any CPU.Build.0 = Release|Any CPU
	EndGlobalSection
	GlobalSection(SolutionProperties) = preSolution
		HideSolutionNode = FALSE
	EndGlobalSection
	GlobalSection(NestedProjects) = preSolution
		{C405340E-D243-488E-2468-5DAD5415539D} = {18EAE7C8-2D17-47F8-84F8-A4DCD4635292}
		{EDDA50FE-18EE-B32B-63F0-6DCFD6F0ED5D} = {18EAE7C8-2D17-47F8-84F8-A4DCD4635292}
		{FF98C36D-7EF6-4B83-9DA5-62136EB090A7} = {02EA681E-C7D8-13C7-8484-4AC65E1B71E8}
		{04279663-B7B0-4DDA-890E-00941C396195} = {8EC462FD-D22E-90A8-E5CE-7E832BA40C5D}
		{1B8C585A-FD09-47B5-B2E4-948FD5C12D02} = {04279663-B7B0-4DDA-890E-00941C396195}
	EndGlobalSection
	GlobalSection(ExtensibilityGlobals) = postSolution
		SolutionGuid = {20CBA6E6-E25F-454F-ACD1-D7EBD635B2B3}
	EndGlobalSection
EndGlobal
